{
    "hash": "253836bdd2703d491cbe1737aac7aa58",
    "packages": [
        {
            "name": "behat/behat",
            "version": "v2.4.4",
            "source": {
                "type": "git",
                "url": "git://github.com/Behat/Behat.git",
                "reference": "v2.4.4"
            },
            "dist": {
                "type": "zip",
                "url": "https://github.com/Behat/Behat/zipball/v2.4.4",
                "reference": "v2.4.4",
                "shasum": ""
            },
            "require": {
                "php": ">=5.3.1",
                "behat/gherkin": ">=2.2.4,<2.3.0-dev",
                "symfony/console": ">=2.0.0,<2.2.0-dev",
                "symfony/config": ">=2.0.0,<2.2.0-dev",
                "symfony/dependency-injection": ">=2.0.0,<2.2.0-dev",
                "symfony/event-dispatcher": ">=2.0.0,<2.2.0-dev",
                "symfony/translation": ">=2.0.0,<2.2.0-dev",
                "symfony/yaml": ">=2.0.0,<2.2.0-dev",
                "symfony/finder": ">=2.0.0,<2.2.0-dev"
            },
            "suggest": {
                "behat/symfony2-extension": "for integration with Symfony2 web framework",
                "behat/yii-extension": "for integration with Yii web framework",
                "behat/mink-extension": "for integration with Mink testing framework"
            },
            "time": "2012-09-04 07:59:18",
            "bin": [
                "bin/behat"
            ],
            "type": "library",
            "installation-source": "dist",
            "autoload": {
                "psr-0": {
                    "Behat\\Behat": "src/"
                }
            },
            "license": [
                "MIT"
            ],
            "authors": [
                {
                    "name": "Konstantin Kudryashov",
                    "email": "ever.zet@gmail.com",
                    "homepage": "http://everzet.com"
                }
            ],
            "description": "Scenario-oriented BDD framework for PHP 5.3",
            "homepage": "http://behat.org/",
            "keywords": [
                "Symfony2",
                "BDD",
                "Behat"
            ]
        },
        {
            "name": "behat/gherkin",
            "version": "v2.2.5",
            "source": {
                "type": "git",
                "url": "git://github.com/Behat/Gherkin.git",
                "reference": "v2.2.5"
            },
            "dist": {
                "type": "zip",
                "url": "https://github.com/Behat/Gherkin/zipball/v2.2.5",
                "reference": "v2.2.5",
                "shasum": ""
            },
            "require": {
                "php": ">=5.3.1",
                "symfony/finder": ">=2.0,<2.2-dev"
            },
            "require-dev": {
                "symfony/yaml": ">=2.0,<2.2-dev",
                "symfony/translation": ">=2.0,<2.2-dev",
                "symfony/config": ">=2.0,<2.2-dev"
            },
            "suggest": {
                "symfony/yaml": "If you want to parse features, represented in YAML files",
                "symfony/translation": "If you want to use Symfony2 translations adapter",
                "symfony/config": "If you want to use Config component to manage resources"
            },
            "time": "2012-09-26 03:03:21",
            "type": "library",
            "installation-source": "dist",
            "autoload": {
                "psr-0": {
                    "Behat\\Gherkin": "src/"
                }
            },
            "license": [
                "MIT"
            ],
            "authors": [
                {
                    "name": "Konstantin Kudryashov",
                    "email": "ever.zet@gmail.com",
                    "homepage": "http://everzet.com"
                }
            ],
            "description": "Gherkin DSL parser for PHP 5.3",
            "homepage": "http://behat.org/",
            "keywords": [
                "Symfony2",
                "BDD",
                "parser",
                "DSL",
                "Behat"
            ]
        },
        {
            "name": "behat/mink",
            "version": "dev-develop",
            "source": {
                "type": "git",
                "url": "git://github.com/Behat/Mink.git",
                "reference": "f05e658f90bffaad6d077e30ab96217729953330"
            },
            "dist": {
                "type": "zip",
                "url": "https://github.com/Behat/Mink/archive/f05e658f90bffaad6d077e30ab96217729953330.zip",
                "reference": "f05e658f90bffaad6d077e30ab96217729953330",
                "shasum": ""
            },
            "require": {
                "php": ">=5.3.1",
                "symfony/css-selector": ">=2.0.0,<2.2.0-dev"
            },
            "require-dev": {
                "behat/mink-goutte-driver": "*",
                "behat/mink-sahi-driver": "*",
                "behat/mink-selenium-driver": "*",
                "behat/mink-selenium2-driver": "*",
                "behat/mink-zombie-driver": "*",
                "symfony/finder": ">=2.0.0,<2.2.0-dev"
            },
            "suggest": {
                "behat/mink-goutte-driver": "to enable Goutte support",
                "behat/mink-sahi-driver": "to enable Sahi.JS support",
                "behat/mink-selenium-driver": "to enable Selenium1 support",
                "behat/mink-selenium2-driver": "to enable Selenium2 (webdriver support)",
                "behat/mink-zombie-driver": "to enable Zombie.js support"
            },
            "type": "library",
            "extra": {
                "branch-alias": {
                    "dev-develop": "1.4.x-dev"
                }
            },
            "installation-source": "source",
            "autoload": {
                "psr-0": {
                    "Behat\\Mink": "src/"
                }
            },
            "license": [
                "MIT"
            ],
            "authors": [
                {
                    "name": "Konstantin Kudryashov",
                    "email": "ever.zet@gmail.com",
                    "homepage": "http://everzet.com"
                }
            ],
            "description": "Web acceptance testing framework for PHP 5.3",
            "homepage": "http://mink.behat.org/",
            "keywords": [
                "testing",
                "browser",
                "web"
            ],
            "time": "1352164762"
        },
        {
            "name": "behat/mink-browserkit-driver",
            "version": "dev-master",
            "source": {
                "type": "git",
                "url": "git://github.com/Behat/MinkBrowserKitDriver.git",
                "reference": "f2783df62edd22c380fb6f271acd21beb3ef4908"
            },
            "dist": {
                "type": "zip",
                "url": "https://github.com/Behat/MinkBrowserKitDriver/zipball/f2783df62edd22c380fb6f271acd21beb3ef4908",
                "reference": "f2783df62edd22c380fb6f271acd21beb3ef4908",
                "shasum": ""
            },
            "require": {
                "php": ">=5.3.1",
                "symfony/browser-kit": ">=2.0.0,<2.2.0",
                "symfony/dom-crawler": ">=2.0.0,<2.2.0"
            },
            "time": "1350380173",
            "type": "mink-driver",
            "installation-source": "source",
            "autoload": {
                "psr-0": {
                    "Behat\\Mink\\Driver": "src/"
                }
            },
            "license": [
                "MIT"
            ],
            "authors": [
                {
                    "name": "Konstantin Kudryashov",
                    "email": "ever.zet@gmail.com",
                    "homepage": "http://everzet.com"
                }
            ],
            "description": "Symfony2 BrowserKit driver for Mink framework",
            "homepage": "http://mink.behat.org/",
            "keywords": [
                "Symfony2",
                "testing",
                "browser"
            ]
        },
        {
            "name": "behat/mink-extension",
            "version": "dev-master",
            "source": {
                "type": "git",
                "url": "git://github.com/Behat/MinkExtension.git",
                "reference": "71fed8e03d403dbeedf74c8764f5d137f7dc9ffd"
            },
            "dist": {
                "type": "zip",
                "url": "https://github.com/Behat/MinkExtension/archive/71fed8e03d403dbeedf74c8764f5d137f7dc9ffd.zip",
                "reference": "71fed8e03d403dbeedf74c8764f5d137f7dc9ffd",
                "shasum": ""
            },
            "require": {
                "php": ">=5.3.2",
                "behat/behat": ">=2.4.0,<2.5.0",
                "behat/mink": ">=1.4.0,<1.5.0"
            },
            "require-dev": {
                "behat/mink-goutte-driver": "*"
            },
            "time": "1352494042",
            "type": "behat-extension",
            "installation-source": "source",
            "autoload": {
                "psr-0": {
                    "Behat\\MinkExtension": "src/"
                }
            },
            "license": [
                "MIT"
            ],
            "authors": [
                {
                    "name": "Konstantin Kudryashov",
                    "email": "ever.zet@gmail.com",
                    "homepage": "http://everzet.com"
                }
            ],
            "description": "Mink extension for Behat",
            "homepage": "http://mink.behat.org",
            "keywords": [
                "test",
                "browser",
                "web",
                "gui"
            ]
        },
        {
            "name": "behat/mink-goutte-driver",
            "version": "dev-master",
            "source": {
                "type": "git",
                "url": "git://github.com/Behat/MinkGoutteDriver.git",
                "reference": "fa0fb4f43361d8d386a8b62a1b82f3ea0a511693"
            },
            "dist": {
                "type": "zip",
                "url": "https://github.com/Behat/MinkGoutteDriver/zipball/fa0fb4f43361d8d386a8b62a1b82f3ea0a511693",
                "reference": "fa0fb4f43361d8d386a8b62a1b82f3ea0a511693",
                "shasum": ""
            },
            "require": {
                "php": ">=5.3.1",
                "behat/mink-browserkit-driver": "*",
                "behat/mink": ">=1.4.0,<1.5.0-dev",
                "symfony/browser-kit": "2.1.*@dev",
                "symfony/css-selector": "2.1.*@dev",
                "symfony/dom-crawler": "2.1.*@dev",
                "symfony/finder": "2.1.*@dev",
                "symfony/process": "2.1.*@dev",
                "fabpot/goutte": "@dev"
            },
            "time": "1350381716",
            "type": "mink-driver",
            "installation-source": "source",
            "autoload": {
                "psr-0": {
                    "Behat\\Mink\\Driver": "src/"
                }
            },
            "license": [
                "MIT"
            ],
            "authors": [
                {
                    "name": "Konstantin Kudryashov",
                    "email": "ever.zet@gmail.com",
                    "homepage": "http://everzet.com"
                }
            ],
            "description": "Goutte driver for Mink framework",
            "homepage": "http://mink.behat.org/",
            "keywords": [
                "testing",
                "browser",
                "goutte",
                "headless"
            ]
        },
        {
            "name": "behat/mink-selenium2-driver",
            "version": "dev-master",
            "source": {
                "type": "git",
                "url": "git://github.com/Behat/MinkSelenium2Driver.git",
                "reference": "0055619fe60116ccaaa636ada71710c16b7e1654"
            },
            "dist": {
                "type": "zip",
                "url": "https://github.com/Behat/MinkSelenium2Driver/zipball/0055619fe60116ccaaa636ada71710c16b7e1654",
                "reference": "0055619fe60116ccaaa636ada71710c16b7e1654",
                "shasum": ""
            },
            "require": {
                "php": ">=5.3.1",
                "instaclick/php-webdriver": "@dev",
                "behat/mink": "1.4.*"
            },
            "type": "mink-driver",
            "installation-source": "source",
            "autoload": {
                "psr-0": {
                    "Behat\\Mink\\Driver": "src/"
                }
            },
            "license": [
                "MIT"
            ],
            "authors": [
                {
                    "name": "Konstantin Kudryashov",
                    "email": "ever.zet@gmail.com",
                    "homepage": "http://everzet.com"
                }
            ],
            "description": "Selenium2 (WebDriver) driver for Mink framework",
            "homepage": "http://mink.behat.org/",
            "keywords": [
                "javascript",
                "testing",
                "browser",
                "ajax",
                "selenium",
                "webdriver"
            ],
            "time": "1349625948"
        },
        {
            "name": "drupal/drupal-extension",
            "version": "dev-master",
            "source": {
                "type": "git",
                "url": "http://git.drupal.org/project/drupalextension.git",
                "reference": "c153ace88249e0d424c62cef1a75ed5ae12ac1cb"
            },
            "require": {
                "behat/mink-goutte-driver": "*",
                "behat/mink-selenium2-driver": "*",
                "behat/mink-extension": "*",
                "behat/mink": ">=1.4.0, <1.5.0",
                "behat/behat": ">=2.4.3, <2.5.0"
            },
            "time": "1352503743",
            "type": "behat-extension",
            "installation-source": "source",
            "autoload": {
                "psr-0": {
                    "Drupal\\Driver": "src/",
                    "Drupal\\Drupal": "src/",
                    "Drupal\\Exception": "src/",
                    "Drupal\\DrupalExtension": "src/"
                }
            },
            "license": [
                "GPL-2.0+"
            ],
            "description": "Drupal extension for Behat",
            "homepage": "http://drupal.org/project/drupalextension",
            "keywords": [
                "test",
                "web",
                "drupal"
            ]
        },
        {
            "name": "fabpot/goutte",
            "version": "dev-master",
            "source": {
                "type": "git",
                "url": "https://github.com/fabpot/Goutte",
                "reference": "f2940f9c7c1f409159f5e9f512e575946c5cff48"
            },
            "dist": {
                "type": "zip",
                "url": "https://github.com/fabpot/Goutte/zipball/f2940f9c7c1f409159f5e9f512e575946c5cff48",
                "reference": "f2940f9c7c1f409159f5e9f512e575946c5cff48",
                "shasum": ""
            },
            "require": {
                "php": ">=5.3.0",
                "symfony/browser-kit": "2.1.*",
                "symfony/css-selector": "2.1.*",
                "symfony/dom-crawler": "2.1.*",
                "symfony/finder": "2.1.*",
                "symfony/process": "2.1.*",
                "ext-curl": "*",
                "guzzle/http": "2.8.*"
            },
            "type": "application",
            "extra": {
                "branch-alias": {
                    "dev-master": "1.0-dev"
                }
            },
            "installation-source": "source",
            "autoload": {
                "psr-0": {
                    "Goutte": "."
                }
            },
            "license": [
                "MIT"
            ],
            "authors": [
                {
                    "name": "Fabien Potencier",
                    "email": "fabien@symfony.com"
                }
            ],
            "description": "A simple PHP Web Scraper",
            "homepage": "https://github.com/fabpot/Goutte",
            "keywords": [
                "scraper"
            ],
            "time": "1351086217"
        },
        {
            "name": "guzzle/guzzle",
            "version": "v2.8.8",
            "source": {
                "type": "git",
                "url": "https://github.com/guzzle/guzzle",
                "reference": "v2.8.8"
            },
            "dist": {
                "type": "zip",
                "url": "https://github.com/guzzle/guzzle/zipball/v2.8.8",
                "reference": "v2.8.8",
                "shasum": ""
            },
            "require": {
                "php": ">=5.3.2",
                "ext-curl": "*",
                "symfony/event-dispatcher": "2.1.*"
            },
            "replace": {
                "guzzle/common": "self.version",
                "guzzle/http": "self.version",
                "guzzle/parser": "self.version"
            },
            "require-dev": {
                "doctrine/common": "*",
                "symfony/class-loader": "*",
                "monolog/monolog": "1.*",
                "zendframework/zend-cache": "2.0.0beta4",
                "zendframework/zend-log": "2.0.0beta4",
                "zendframework/zend-loader": "2.0.0beta4",
                "zendframework/zend-stdlib": "2.0.0beta4",
                "zendframework/zend-eventmanager": "2.0.0beta4",
                "zendframework/zend-servicemanager": "2.0.0beta4",
                "zend/zend-log1": "1.12",
                "zend/zend-cache1": "1.12"
            },
            "time": "2012-10-15 17:25:16",
            "type": "library",
            "installation-source": "dist",
            "autoload": {
                "psr-0": {
                    "Guzzle\\Tests": "tests/",
                    "Guzzle": "src/"
                }
            },
            "license": [
                "MIT"
            ],
            "authors": [
                {
                    "name": "Michael Dowling",
                    "email": "mtdowling@gmail.com",
                    "homepage": "https://github.com/mtdowling"
                },
                {
                    "name": "Guzzle Community",
                    "homepage": "https://github.com/guzzle/guzzle/contributors"
                }
            ],
            "description": "Guzzle is a PHP HTTP client library and framework for building RESTful web service clients",
            "homepage": "http://guzzlephp.org/",
            "keywords": [
                "framework",
                "curl",
                "http",
                "rest",
                "http client",
                "client",
                "web service"
            ]
        },
        {
            "name": "instaclick/php-webdriver",
            "version": "dev-master",
            "source": {
                "type": "git",
                "url": "https://github.com/instaclick/php-webdriver",
                "reference": "v1.0.8"
            },
            "dist": {
                "type": "zip",
                "url": "https://github.com/instaclick/php-webdriver/zipball/v1.0.8",
                "reference": "v1.0.8",
                "shasum": ""
            },
            "require": {
                "php": ">=5.3.2"
            },
            "type": "library",
            "installation-source": "source",
            "autoload": {
                "psr-0": {
                    "WebDriver": "lib/"
                }
            },
            "license": [
                "Apache"
            ],
            "authors": [
                {
                    "name": "Justin Bishop",
                    "email": "jubishop@gmail.com",
                    "role": "Developer"
                },
                {
                    "name": "Anthon Pang",
                    "email": "apang@softwaredevelopment.ca",
                    "role": "Fork Maintainer"
                }
            ],
            "description": "PHP WebDriver for Selenium 2",
            "homepage": "http://instaclick.com/torontotechjobs/",
            "keywords": [
                "browser",
                "selenium",
                "webdriver",
                "webtest"
            ],
            "time": "1351218365"
        },
        {
            "name": "symfony/browser-kit",
            "version": "2.1.x-dev",
            "target-dir": "Symfony/Component/BrowserKit",
            "source": {
                "type": "git",
                "url": "https://github.com/symfony/BrowserKit",
                "reference": "eff7eff62a8bccbe7998ecbde4d612bb8da963ff"
            },
            "dist": {
                "type": "zip",
                "url": "https://github.com/symfony/BrowserKit/archive/eff7eff62a8bccbe7998ecbde4d612bb8da963ff.zip",
                "reference": "eff7eff62a8bccbe7998ecbde4d612bb8da963ff",
                "shasum": ""
            },
            "require": {
                "php": ">=5.3.3",
                "symfony/dom-crawler": "2.1.*"
            },
            "require-dev": {
                "symfony/process": "2.1.*",
                "symfony/css-selector": "2.1.*"
            },
            "suggest": {
                "symfony/process": "2.1.*"
            },
            "time": "1352368308",
            "type": "library",
            "extra": {
                "branch-alias": {
                    "dev-master": "2.1-dev"
                }
            },
            "installation-source": "source",
            "autoload": {
                "psr-0": {
                    "Symfony\\Component\\BrowserKit": ""
                }
            },
            "license": [
                "MIT"
            ],
            "authors": [
                {
                    "name": "Fabien Potencier",
                    "email": "fabien@symfony.com"
                },
                {
                    "name": "Symfony Community",
                    "homepage": "http://symfony.com/contributors"
                }
            ],
            "description": "Symfony BrowserKit Component",
            "homepage": "http://symfony.com"
        },
        {
            "name": "symfony/config",
            "version": "2.1.x-dev",
            "target-dir": "Symfony/Component/Config",
            "source": {
                "type": "git",
                "url": "https://github.com/symfony/Config",
                "reference": "f12982ffa9843be853c9b61fd5a7896f00aa5fd7"
            },
            "dist": {
                "type": "zip",
                "url": "https://github.com/symfony/Config/archive/f12982ffa9843be853c9b61fd5a7896f00aa5fd7.zip",
                "reference": "f12982ffa9843be853c9b61fd5a7896f00aa5fd7",
                "shasum": ""
            },
            "require": {
                "php": ">=5.3.3"
            },
            "time": "1352368308",
            "type": "library",
            "extra": {
                "branch-alias": {
                    "dev-master": "2.1-dev"
                }
            },
            "installation-source": "source",
            "autoload": {
                "psr-0": {
                    "Symfony\\Component\\Config": ""
                }
            },
            "license": [
                "MIT"
            ],
            "authors": [
                {
                    "name": "Fabien Potencier",
                    "email": "fabien@symfony.com"
                },
                {
                    "name": "Symfony Community",
                    "homepage": "http://symfony.com/contributors"
                }
            ],
            "description": "Symfony Config Component",
            "homepage": "http://symfony.com"
        },
        {
            "name": "symfony/console",
            "version": "2.1.x-dev",
            "target-dir": "Symfony/Component/Console",
            "source": {
                "type": "git",
                "url": "https://github.com/symfony/Console",
                "reference": "528b030bd94d74b06735c9da9fd9495db0567800"
            },
            "dist": {
                "type": "zip",
                "url": "https://github.com/symfony/Console/archive/528b030bd94d74b06735c9da9fd9495db0567800.zip",
                "reference": "528b030bd94d74b06735c9da9fd9495db0567800",
                "shasum": ""
            },
            "require": {
                "php": ">=5.3.3"
            },
            "time": "1352451171",
            "type": "library",
            "extra": {
                "branch-alias": {
                    "dev-master": "2.1-dev"
                }
            },
            "installation-source": "source",
            "autoload": {
                "psr-0": {
                    "Symfony\\Component\\Console": ""
                }
            },
            "license": [
                "MIT"
            ],
            "authors": [
                {
                    "name": "Fabien Potencier",
                    "email": "fabien@symfony.com"
                },
                {
                    "name": "Symfony Community",
                    "homepage": "http://symfony.com/contributors"
                }
            ],
            "description": "Symfony Console Component",
            "homepage": "http://symfony.com"
        },
        {
            "name": "symfony/css-selector",
            "version": "2.1.x-dev",
            "target-dir": "Symfony/Component/CssSelector",
            "source": {
                "type": "git",
                "url": "https://github.com/symfony/CssSelector",
                "reference": "abf8279792230c6685234eb0fa95b0a85e9e9c7a"
            },
            "dist": {
                "type": "zip",
                "url": "https://github.com/symfony/CssSelector/archive/abf8279792230c6685234eb0fa95b0a85e9e9c7a.zip",
                "reference": "abf8279792230c6685234eb0fa95b0a85e9e9c7a",
                "shasum": ""
            },
            "require": {
                "php": ">=5.3.3"
            },
            "time": "1352368308",
            "type": "library",
            "extra": {
                "branch-alias": {
                    "dev-master": "2.1-dev"
                }
            },
            "installation-source": "source",
            "autoload": {
                "psr-0": {
                    "Symfony\\Component\\CssSelector": ""
                }
            },
            "license": [
                "MIT"
            ],
            "authors": [
                {
                    "name": "Fabien Potencier",
                    "email": "fabien@symfony.com"
                },
                {
                    "name": "Symfony Community",
                    "homepage": "http://symfony.com/contributors"
                }
            ],
            "description": "Symfony CssSelector Component",
            "homepage": "http://symfony.com"
        },
        {
            "name": "symfony/dependency-injection",
            "version": "2.1.x-dev",
            "target-dir": "Symfony/Component/DependencyInjection",
            "source": {
                "type": "git",
                "url": "https://github.com/symfony/DependencyInjection",
                "reference": "v2.1.3"
            },
            "dist": {
                "type": "zip",
                "url": "https://github.com/symfony/DependencyInjection/zipball/v2.1.3",
                "reference": "v2.1.3",
                "shasum": ""
            },
            "require": {
                "php": ">=5.3.3"
            },
            "require-dev": {
                "symfony/yaml": "2.1.*",
                "symfony/config": "2.1.*"
            },
            "suggest": {
                "symfony/yaml": "2.1.*",
                "symfony/config": "2.1.*"
            },
            "type": "library",
            "extra": {
                "branch-alias": {
                    "dev-master": "2.1-dev"
                }
            },
            "installation-source": "source",
            "autoload": {
                "psr-0": {
                    "Symfony\\Component\\DependencyInjection": ""
                }
            },
            "license": [
                "MIT"
            ],
            "authors": [
                {
                    "name": "Fabien Potencier",
                    "email": "fabien@symfony.com"
                },
                {
                    "name": "Symfony Community",
                    "homepage": "http://symfony.com/contributors"
                }
            ],
            "description": "Symfony DependencyInjection Component",
            "homepage": "http://symfony.com",
            "time": "1350916632"
        },
        {
            "name": "symfony/dom-crawler",
            "version": "2.1.x-dev",
            "target-dir": "Symfony/Component/DomCrawler",
            "source": {
                "type": "git",
                "url": "https://github.com/symfony/DomCrawler",
                "reference": "8fe81036d0f7452c2bf75b6d489f1e646741bf0f"
            },
            "dist": {
                "type": "zip",
                "url": "https://github.com/symfony/DomCrawler/archive/8fe81036d0f7452c2bf75b6d489f1e646741bf0f.zip",
                "reference": "8fe81036d0f7452c2bf75b6d489f1e646741bf0f",
                "shasum": ""
            },
            "require": {
                "php": ">=5.3.3"
            },
            "require-dev": {
                "symfony/css-selector": "2.1.*"
            },
            "suggest": {
                "symfony/css-selector": "2.1.*"
            },
            "time": "1352368308",
            "type": "library",
            "extra": {
                "branch-alias": {
                    "dev-master": "2.1-dev"
                }
            },
            "installation-source": "source",
            "autoload": {
                "psr-0": {
                    "Symfony\\Component\\DomCrawler": ""
                }
            },
            "license": [
                "MIT"
            ],
            "authors": [
                {
                    "name": "Fabien Potencier",
                    "email": "fabien@symfony.com"
                },
                {
                    "name": "Symfony Community",
                    "homepage": "http://symfony.com/contributors"
                }
            ],
            "description": "Symfony DomCrawler Component",
            "homepage": "http://symfony.com"
        },
        {
            "name": "symfony/event-dispatcher",
            "version": "2.1.x-dev",
            "target-dir": "Symfony/Component/EventDispatcher",
            "source": {
                "type": "git",
                "url": "https://github.com/symfony/EventDispatcher",
                "reference": "b5b6807bcc192f3a1c4fba7ef48466ebbd3c4485"
            },
            "dist": {
                "type": "zip",
                "url": "https://github.com/symfony/EventDispatcher/archive/b5b6807bcc192f3a1c4fba7ef48466ebbd3c4485.zip",
                "reference": "b5b6807bcc192f3a1c4fba7ef48466ebbd3c4485",
                "shasum": ""
            },
            "require": {
                "php": ">=5.3.3"
            },
            "require-dev": {
                "symfony/dependency-injection": "2.1.*"
            },
            "suggest": {
                "symfony/dependency-injection": "2.1.*",
                "symfony/http-kernel": "2.1.*"
            },
            "time": "1352368308",
            "type": "library",
            "extra": {
                "branch-alias": {
                    "dev-master": "2.1-dev"
                }
            },
            "installation-source": "source",
            "autoload": {
                "psr-0": {
                    "Symfony\\Component\\EventDispatcher": ""
                }
            },
            "license": [
                "MIT"
            ],
            "authors": [
                {
                    "name": "Fabien Potencier",
                    "email": "fabien@symfony.com"
                },
                {
                    "name": "Symfony Community",
                    "homepage": "http://symfony.com/contributors"
                }
            ],
            "description": "Symfony EventDispatcher Component",
            "homepage": "http://symfony.com"
        },
        {
            "name": "symfony/finder",
            "version": "2.1.x-dev",
            "target-dir": "Symfony/Component/Finder",
            "source": {
                "type": "git",
                "url": "https://github.com/symfony/Finder",
                "reference": "24e814560125249010dd08717f4d17079c061e98"
            },
            "dist": {
                "type": "zip",
                "url": "https://github.com/symfony/Finder/archive/24e814560125249010dd08717f4d17079c061e98.zip",
                "reference": "24e814560125249010dd08717f4d17079c061e98",
                "shasum": ""
            },
            "require": {
                "php": ">=5.3.3"
            },
            "time": "1352368308",
            "type": "library",
            "extra": {
                "branch-alias": {
                    "dev-master": "2.1-dev"
                }
            },
            "installation-source": "source",
            "autoload": {
                "psr-0": {
                    "Symfony\\Component\\Finder": ""
                }
            },
            "license": [
                "MIT"
            ],
            "authors": [
                {
                    "name": "Fabien Potencier",
                    "email": "fabien@symfony.com"
                },
                {
                    "name": "Symfony Community",
                    "homepage": "http://symfony.com/contributors"
                }
            ],
            "description": "Symfony Finder Component",
            "homepage": "http://symfony.com"
        },
        {
            "name": "symfony/process",
            "version": "2.1.x-dev",
            "target-dir": "Symfony/Component/Process",
            "source": {
                "type": "git",
                "url": "https://github.com/symfony/Process",
                "reference": "5437d5f85a089d227337a8be4a46d160b60e1ab1"
            },
            "dist": {
                "type": "zip",
                "url": "https://github.com/symfony/Process/archive/5437d5f85a089d227337a8be4a46d160b60e1ab1.zip",
                "reference": "5437d5f85a089d227337a8be4a46d160b60e1ab1",
                "shasum": ""
            },
            "require": {
                "php": ">=5.3.3"
            },
            "time": "1352368308",
            "type": "library",
            "extra": {
                "branch-alias": {
                    "dev-master": "2.1-dev"
                }
            },
            "installation-source": "source",
            "autoload": {
                "psr-0": {
                    "Symfony\\Component\\Process": ""
                }
            },
            "license": [
                "MIT"
            ],
            "authors": [
                {
                    "name": "Fabien Potencier",
                    "email": "fabien@symfony.com"
                },
                {
                    "name": "Symfony Community",
                    "homepage": "http://symfony.com/contributors"
                }
            ],
            "description": "Symfony Process Component",
            "homepage": "http://symfony.com"
        },
        {
            "name": "symfony/translation",
            "version": "2.1.x-dev",
            "target-dir": "Symfony/Component/Translation",
            "source": {
                "type": "git",
                "url": "https://github.com/symfony/Translation",
                "reference": "0e32a19712ab341e87754042614917ee95a4fea3"
            },
            "dist": {
                "type": "zip",
                "url": "https://github.com/symfony/Translation/archive/0e32a19712ab341e87754042614917ee95a4fea3.zip",
                "reference": "0e32a19712ab341e87754042614917ee95a4fea3",
                "shasum": ""
            },
            "require": {
                "php": ">=5.3.3"
            },
            "require-dev": {
                "symfony/config": "2.1.*",
                "symfony/yaml": "2.1.*"
            },
            "suggest": {
                "symfony/config": "2.1.*",
                "symfony/yaml": "2.1.*"
            },
            "time": "1352368308",
            "type": "library",
            "extra": {
                "branch-alias": {
                    "dev-master": "2.1-dev"
                }
            },
            "installation-source": "source",
            "autoload": {
                "psr-0": {
                    "Symfony\\Component\\Translation": ""
                }
            },
            "license": [
                "MIT"
            ],
            "authors": [
                {
                    "name": "Fabien Potencier",
                    "email": "fabien@symfony.com"
                },
                {
                    "name": "Symfony Community",
                    "homepage": "http://symfony.com/contributors"
                }
            ],
            "description": "Symfony Translation Component",
            "homepage": "http://symfony.com"
        },
        {
            "name": "symfony/yaml",
            "version": "2.1.x-dev",
            "target-dir": "Symfony/Component/Yaml",
            "source": {
                "type": "git",
                "url": "https://github.com/symfony/Yaml",
                "reference": "e1aff6871fd39607d7ce638ff6b1f971cde6fe6a"
            },
            "dist": {
                "type": "zip",
                "url": "https://github.com/symfony/Yaml/archive/e1aff6871fd39607d7ce638ff6b1f971cde6fe6a.zip",
                "reference": "e1aff6871fd39607d7ce638ff6b1f971cde6fe6a",
                "shasum": ""
            },
            "require": {
                "php": ">=5.3.3"
            },
            "time": "1352368308",
            "type": "library",
            "extra": {
                "branch-alias": {
                    "dev-master": "2.1-dev"
                }
            },
            "installation-source": "source",
            "autoload": {
                "psr-0": {
                    "Symfony\\Component\\Yaml": ""
                }
            },
            "license": [
                "MIT"
            ],
            "authors": [
                {
                    "name": "Fabien Potencier",
                    "email": "fabien@symfony.com"
                },
                {
                    "name": "Symfony Community",
                    "homepage": "http://symfony.com/contributors"
                }
            ],
            "description": "Symfony Yaml Component",
            "homepage": "http://symfony.com"
        }
    ],
    "packages-dev": null,
    "aliases": [

    ],
    "minimum-stability": "dev",
    "stability-flags": [

    ]
}
